
Microsoft Visual Studio Solution File, Format Version 12.00
# Visual Studio Version 16
VisualStudioVersion = 25.0.1704.3
MinimumVisualStudioVersion = 10.0.40219.1
Project("{FAE04EC0-301F-11D3-BF4B-00C04F79EFBC}") = "Stockify", "Stockify\Stockify.csproj", "{D9E775AF-362B-4F91-B998-36073528F6B8}"
EndProject
Global
	GlobalSection(SolutionConfigurationPlatforms) = preSolution
		Debug|Any CPU = Debug|Any CPU
		Release|Any CPU = Release|Any CPU
	EndGlobalSection
	GlobalSection(ProjectConfigurationPlatforms) = postSolution
		{D9E775AF-362B-4F91-B998-36073528F6B8}.Debug|Any CPU.ActiveCfg = Debug|Any CPU
		{D9E775AF-362B-4F91-B998-36073528F6B8}.Debug|Any CPU.Build.0 = Debug|Any CPU
		{D9E775AF-362B-4F91-B998-36073528F6B8}.Release|Any CPU.ActiveCfg = Release|Any CPU
		{D9E775AF-362B-4F91-B998-36073528F6B8}.Release|Any CPU.Build.0 = Release|Any CPU
	EndGlobalSection
	GlobalSection(SolutionProperties) = preSolution
		HideSolutionNode = FALSE
	EndGlobalSection
	GlobalSection(ExtensibilityGlobals) = postSolution
		SolutionGuid = {8B22B105-E823-4F4E-8B08-1FAB9F97F925}
	EndGlobalSection
EndGlobal
